github.com/shopspring/decimal v0.0.0-20191130220710-360f2bc03045 h1:8CnFGhoe92Izugjok8nZEGYCNovJwdRFYwrEiLtG6ZQ=
github.com/shopspring/decimal v0.0.0-20191130220710-360f2bc03045/go.mod h1:DKyhrW/HYNuLGql+MJL6WCR6knT2jwCFRcu2hWCYk4o=
orus.io/orus-io/go-orusapi v0.0.0-20260917083617-ba0e1f495084 h1:x+k42l1oBvM+G/55z7qzHaZhnmPE74IWB+/auPTHYro=
orus.io/orus-io/go-orusapi v0.0.0-20260917083617-ba0e1f495084/go.mod h1:rxshTRdngMyCi4j/Z4vb25Okbp0XFGlfc4tyCI7nJqM=
